{
  "name": "viz_eda_ic",
  "lockfileVersion": 2,
  "requires": true,
  "packages": {
    "": {
      "dependencies": {
        "fine-uploader": "^5.16.2"
      }
    },
    "node_modules/fine-uploader": {
      "version": "5.16.2",
      "resolved": "https://registry.npmjs.org/fine-uploader/-/fine-uploader-5.16.2.tgz",
      "integrity": "sha1-DYeNoc0nU/gGg6wJHfXa/5/7jEQ="
    }
  },
  "dependencies": {
    "fine-uploader": {
      "version": "5.16.2",
      "resolved": "https://registry.npmjs.org/fine-uploader/-/fine-uploader-5.16.2.tgz",
      "integrity": "sha1-DYeNoc0nU/gGg6wJHfXa/5/7jEQ="
    }
  }
}
